// !$*UTF8*$!
{
	archiveVersion = 1;
	classes = {
	};
	objectVersion = 56;
	objects = {

/* Begin PBXBuildFile section */
		DB1D79422A3CBD5400B81CB6 /* ConfettiKit in Frameworks */ = {isa = PBXBuildFile; productRef = DB1D79412A3CBD5400B81CB6 /* ConfettiKit */; };
		DB1D79452A3CBE4500B81CB6 /* FirebaseAuth in Frameworks */ = {isa = PBXBuildFile; productRef = DB1D79442A3CBE4500B81CB6 /* FirebaseAuth */; };
		DB1D79492A3CBE9E00B81CB6 /* libsqlite3.0.tbd in Frameworks */ = {isa = PBXBuildFile; fileRef = DB1D79482A3CBE9500B81CB6 /* libsqlite3.0.tbd */; };
		DB1D794B2A3CBF2900B81CB6 /* DecomposeUtils.swift in Sources */ = {isa = PBXBuildFile; fileRef = DB1D794A2A3CBF2900B81CB6 /* DecomposeUtils.swift */; };
		DB1D794D2A3CBFAE00B81CB6 /* SessionsListView.swift in Sources */ = {isa = PBXBuildFile; fileRef = DB1D794C2A3CBFAE00B81CB6 /* SessionsListView.swift */; };
		DB8141EE2A3CBC500076B724 /* ConfettiSwiftUIApp.swift in Sources */ = {isa = PBXBuildFile; fileRef = DB8141ED2A3CBC500076B724 /* ConfettiSwiftUIApp.swift */; };
		DB8141F22A3CBC510076B724 /* Assets.xcassets in Resources */ = {isa = PBXBuildFile; fileRef = DB8141F12A3CBC510076B724 /* Assets.xcassets */; };
		DB8141F62A3CBC510076B724 /* Preview Assets.xcassets in Resources */ = {isa = PBXBuildFile; fileRef = DB8141F52A3CBC510076B724 /* Preview Assets.xcassets */; };
/* End PBXBuildFile section */

/* Begin PBXFileReference section */
		DB1D79472A3CBE9500B81CB6 /* libsqlite3.tbd */ = {isa = PBXFileReference; lastKnownFileType = "sourcecode.text-based-dylib-definition"; name = libsqlite3.tbd; path = Platforms/iPhoneOS.platform/Developer/SDKs/iPhoneOS16.1.sdk/usr/lib/libsqlite3.tbd; sourceTree = DEVELOPER_DIR; };
		DB1D79482A3CBE9500B81CB6 /* libsqlite3.0.tbd */ = {isa = PBXFileReference; lastKnownFileType = "sourcecode.text-based-dylib-definition"; name = libsqlite3.0.tbd; path = Platforms/iPhoneOS.platform/Developer/SDKs/iPhoneOS16.1.sdk/usr/lib/libsqlite3.0.tbd; sourceTree = DEVELOPER_DIR; };
		DB1D794A2A3CBF2900B81CB6 /* DecomposeUtils.swift */ = {isa = PBXFileReference; lastKnownFileType = sourcecode.swift; path = DecomposeUtils.swift; sourceTree = "<group>"; };
		DB1D794C2A3CBFAE00B81CB6 /* SessionsListView.swift */ = {isa = PBXFileReference; lastKnownFileType = sourcecode.swift; path = SessionsListView.swift; sourceTree = "<group>"; };
		DB8141EA2A3CBC500076B724 /* ConfettiSwiftUI.app */ = {isa = PBXFileReference; explicitFileType = wrapper.application; includeInIndex = 0; path = ConfettiSwiftUI.app; sourceTree = BUILT_PRODUCTS_DIR; };
		DB8141ED2A3CBC500076B724 /* ConfettiSwiftUIApp.swift */ = {isa = PBXFileReference; lastKnownFileType = sourcecode.swift; path = ConfettiSwiftUIApp.swift; sourceTree = "<group>"; };
		DB8141F12A3CBC510076B724 /* Assets.xcassets */ = {isa = PBXFileReference; lastKnownFileType = folder.assetcatalog; path = Assets.xcassets; sourceTree = "<group>"; };
		DB8141F32A3CBC510076B724 /* ConfettiSwiftUI.entitlements */ = {isa = PBXFileReference; lastKnownFileType = text.plist.entitlements; path = ConfettiSwiftUI.entitlements; sourceTree = "<group>"; };
		DB8141F52A3CBC510076B724 /* Preview Assets.xcassets */ = {isa = PBXFileReference; lastKnownFileType = folder.assetcatalog; path = "Preview Assets.xcassets"; sourceTree = "<group>"; };
/* End PBXFileReference section */

/* Begin PBXFrameworksBuildPhase section */
		DB8141E72A3CBC500076B724 /* Frameworks */ = {
			isa = PBXFrameworksBuildPhase;
			buildActionMask = 2147483647;
			files = (
				DB1D79422A3CBD5400B81CB6 /* ConfettiKit in Frameworks */,
				DB1D79452A3CBE4500B81CB6 /* FirebaseAuth in Frameworks */,
				DB1D79492A3CBE9E00B81CB6 /* libsqlite3.0.tbd in Frameworks */,
			);
			runOnlyForDeploymentPostprocessing = 0;
		};
/* End PBXFrameworksBuildPhase section */

/* Begin PBXGroup section */
		DB1D79462A3CBE9500B81CB6 /* Frameworks */ = {
			isa = PBXGroup;
			children = (
				DB1D79482A3CBE9500B81CB6 /* libsqlite3.0.tbd */,
				DB1D79472A3CBE9500B81CB6 /* libsqlite3.tbd */,
			);
			name = Frameworks;
			sourceTree = "<group>";
		};
		DB8141E12A3CBC500076B724 = {
			isa = PBXGroup;
			children = (
				DB8141EC2A3CBC500076B724 /* ConfettiSwiftUI */,
				DB8141EB2A3CBC500076B724 /* Products */,
				DB1D79462A3CBE9500B81CB6 /* Frameworks */,
			);
			sourceTree = "<group>";
		};
		DB8141EB2A3CBC500076B724 /* Products */ = {
			isa = PBXGroup;
			children = (
				DB8141EA2A3CBC500076B724 /* ConfettiSwiftUI.app */,
			);
			name = Products;
			sourceTree = "<group>";
		};
		DB8141EC2A3CBC500076B724 /* ConfettiSwiftUI */ = {
			isa = PBXGroup;
			children = (
				DB8141ED2A3CBC500076B724 /* ConfettiSwiftUIApp.swift */,
				DB8141F12A3CBC510076B724 /* Assets.xcassets */,
				DB8141F32A3CBC510076B724 /* ConfettiSwiftUI.entitlements */,
				DB8141F42A3CBC510076B724 /* Preview Content */,
				DB1D794A2A3CBF2900B81CB6 /* DecomposeUtils.swift */,
				DB1D794C2A3CBFAE00B81CB6 /* SessionsListView.swift */,
			);
			path = ConfettiSwiftUI;
			sourceTree = "<group>";
		};
		DB8141F42A3CBC510076B724 /* Preview Content */ = {
			isa = PBXGroup;
			children = (
				DB8141F52A3CBC510076B724 /* Preview Assets.xcassets */,
			);
			path = "Preview Content";
			sourceTree = "<group>";
		};
/* End PBXGroup section */

/* Begin PBXNativeTarget section */
		DB8141E92A3CBC500076B724 /* ConfettiSwiftUI */ = {
			isa = PBXNativeTarget;
			buildConfigurationList = DB8141F92A3CBC510076B724 /* Build configuration list for PBXNativeTarget "ConfettiSwiftUI" */;
			buildPhases = (
				DB8141E62A3CBC500076B724 /* Sources */,
				DB8141E72A3CBC500076B724 /* Frameworks */,
				DB8141E82A3CBC500076B724 /* Resources */,
			);
			buildRules = (
			);
			dependencies = (
			);
			name = ConfettiSwiftUI;
			packageProductDependencies = (
				DB1D79412A3CBD5400B81CB6 /* ConfettiKit */,
				DB1D79442A3CBE4500B81CB6 /* FirebaseAuth */,
			);
			productName = ConfettiSwiftUI;
			productReference = DB8141EA2A3CBC500076B724 /* ConfettiSwiftUI.app */;
			productType = "com.apple.product-type.application";
		};
/* End PBXNativeTarget section */

/* Begin PBXProject section */
		DB8141E22A3CBC500076B724 /* Project object */ = {
			isa = PBXProject;
			attributes = {
				BuildIndependentTargetsInParallel = 1;
				LastSwiftUpdateCheck = 1410;
				LastUpgradeCheck = 1410;
				TargetAttributes = {
					DB8141E92A3CBC500076B724 = {
						CreatedOnToolsVersion = 14.1;
					};
				};
			};
			buildConfigurationList = DB8141E52A3CBC500076B724 /* Build configuration list for PBXProject "ConfettiSwiftUI" */;
			compatibilityVersion = "Xcode 14.0";
			developmentRegion = en;
			hasScannedForEncodings = 0;
			knownRegions = (
				en,
				Base,
			);
			mainGroup = DB8141E12A3CBC500076B724;
			packageReferences = (
				DB1D79402A3CBD5400B81CB6 /* XCRemoteSwiftPackageReference "Confetti" */,
				DB1D79432A3CBE4500B81CB6 /* XCRemoteSwiftPackageReference "firebase-ios-sdk" */,
			);
			productRefGroup = DB8141EB2A3CBC500076B724 /* Products */;
			projectDirPath = "";
			projectRoot = "";
			targets = (
				DB8141E92A3CBC500076B724 /* ConfettiSwiftUI */,
			);
		};
/* End PBXProject section */

/* Begin PBXResourcesBuildPhase section */
		DB8141E82A3CBC500076B724 /* Resources */ = {
			isa = PBXResourcesBuildPhase;
			buildActionMask = 2147483647;
			files = (
				DB8141F62A3CBC510076B724 /* Preview Assets.xcassets in Resources */,
				DB8141F22A3CBC510076B724 /* Assets.xcassets in Resources */,
			);
			runOnlyForDeploymentPostprocessing = 0;
		};
/* End PBXResourcesBuildPhase section */

/* Begin PBXSourcesBuildPhase section */
		DB8141E62A3CBC500076B724 /* Sources */ = {
			isa = PBXSourcesBuildPhase;
			buildActionMask = 2147483647;
			files = (
				DB1D794B2A3CBF2900B81CB6 /* DecomposeUtils.swift in Sources */,
				DB8141EE2A3CBC500076B724 /* ConfettiSwiftUIApp.swift in Sources */,
				DB1D794D2A3CBFAE00B81CB6 /* SessionsListView.swift in Sources */,
			);
			runOnlyForDeploymentPostprocessing = 0;
		};
/* End PBXSourcesBuildPhase section */

/* Begin XCBuildConfiguration section */
		DB8141F72A3CBC510076B724 /* Debug */ = {
			isa = XCBuildConfiguration;
			buildSettings = {
				ALWAYS_SEARCH_USER_PATHS = NO;
				CLANG_ANALYZER_NONNULL = YES;
				CLANG_ANALYZER_NUMBER_OBJECT_CONVERSION = YES_AGGRESSIVE;
				CLANG_CXX_LANGUAGE_STANDARD = "gnu++20";
				CLANG_ENABLE_MODULES = YES;
				CLANG_ENABLE_OBJC_ARC = YES;
				CLANG_ENABLE_OBJC_WEAK = YES;
				CLANG_WARN_BLOCK_CAPTURE_AUTORELEASING = YES;
				CLANG_WARN_BOOL_CONVERSION = YES;
				CLANG_WARN_COMMA = YES;
				CLANG_WARN_CONSTANT_CONVERSION = YES;
				CLANG_WARN_DEPRECATED_OBJC_IMPLEMENTATIONS = YES;
				CLANG_WARN_DIRECT_OBJC_ISA_USAGE = YES_ERROR;
				CLANG_WARN_DOCUMENTATION_COMMENTS = YES;
				CLANG_WARN_EMPTY_BODY = YES;
				CLANG_WARN_ENUM_CONVERSION = YES;
				CLANG_WARN_INFINITE_RECURSION = YES;
				CLANG_WARN_INT_CONVERSION = YES;
				CLANG_WARN_NON_LITERAL_NULL_CONVERSION = YES;
				CLANG_WARN_OBJC_IMPLICIT_RETAIN_SELF = YES;
				CLANG_WARN_OBJC_LITERAL_CONVERSION = YES;
				CLANG_WARN_OBJC_ROOT_CLASS = YES_ERROR;
				CLANG_WARN_QUOTED_INCLUDE_IN_FRAMEWORK_HEADER = YES;
				CLANG_WARN_RANGE_LOOP_ANALYSIS = YES;
				CLANG_WARN_STRICT_PROTOTYPES = YES;
				CLANG_WARN_SUSPICIOUS_MOVE = YES;
				CLANG_WARN_UNGUARDED_AVAILABILITY = YES_AGGRESSIVE;
				CLANG_WARN_UNREACHABLE_CODE = YES;
				CLANG_WARN__DUPLICATE_METHOD_MATCH = YES;
				COPY_PHASE_STRIP = NO;
				DEBUG_INFORMATION_FORMAT = dwarf;
				ENABLE_STRICT_OBJC_MSGSEND = YES;
				ENABLE_TESTABILITY = YES;
				GCC_C_LANGUAGE_STANDARD = gnu11;
				GCC_DYNAMIC_NO_PIC = NO;
				GCC_NO_COMMON_BLOCKS = YES;
				GCC_OPTIMIZATION_LEVEL = 0;
				GCC_PREPROCESSOR_DEFINITIONS = (
					"DEBUG=1",
					"$(inherited)",
				);
				GCC_WARN_64_TO_32_BIT_CONVERSION = YES;
				GCC_WARN_ABOUT_RETURN_TYPE = YES_ERROR;
				GCC_WARN_UNDECLARED_SELECTOR = YES;
				GCC_WARN_UNINITIALIZED_AUTOS = YES_AGGRESSIVE;
				GCC_WARN_UNUSED_FUNCTION = YES;
				GCC_WARN_UNUSED_VARIABLE = YES;
				MTL_ENABLE_DEBUG_INFO = INCLUDE_SOURCE;
				MTL_FAST_MATH = YES;
				ONLY_ACTIVE_ARCH = YES;
				SWIFT_ACTIVE_COMPILATION_CONDITIONS = DEBUG;
				SWIFT_OPTIMIZATION_LEVEL = "-Onone";
			};
			name = Debug;
		};
		DB8141F82A3CBC510076B724 /* Release */ = {
			isa = XCBuildConfiguration;
			buildSettings = {
				ALWAYS_SEARCH_USER_PATHS = NO;
				CLANG_ANALYZER_NONNULL = YES;
				CLANG_ANALYZER_NUMBER_OBJECT_CONVERSION = YES_AGGRESSIVE;
				CLANG_CXX_LANGUAGE_STANDARD = "gnu++20";
				CLANG_ENABLE_MODULES = YES;
				CLANG_ENABLE_OBJC_ARC = YES;
				CLANG_ENABLE_OBJC_WEAK = YES;
				CLANG_WARN_BLOCK_CAPTURE_AUTORELEASING = YES;
				CLANG_WARN_BOOL_CONVERSION = YES;
				CLANG_WARN_COMMA = YES;
				CLANG_WARN_CONSTANT_CONVERSION = YES;
				CLANG_WARN_DEPRECATED_OBJC_IMPLEMENTATIONS = YES;
				CLANG_WARN_DIRECT_OBJC_ISA_USAGE = YES_ERROR;
				CLANG_WARN_DOCUMENTATION_COMMENTS = YES;
				CLANG_WARN_EMPTY_BODY = YES;
				CLANG_WARN_ENUM_CONVERSION = YES;
				CLANG_WARN_INFINITE_RECURSION = YES;
				CLANG_WARN_INT_CONVERSION = YES;
				CLANG_WARN_NON_LITERAL_NULL_CONVERSION = YES;
				CLANG_WARN_OBJC_IMPLICIT_RETAIN_SELF = YES;
				CLANG_WARN_OBJC_LITERAL_CONVERSION = YES;
				CLANG_WARN_OBJC_ROOT_CLASS = YES_ERROR;
				CLANG_WARN_QUOTED_INCLUDE_IN_FRAMEWORK_HEADER = YES;
				CLANG_WARN_RANGE_LOOP_ANALYSIS = YES;
				CLANG_WARN_STRICT_PROTOTYPES = YES;
				CLANG_WARN_SUSPICIOUS_MOVE = YES;
				CLANG_WARN_UNGUARDED_AVAILABILITY = YES_AGGRESSIVE;
				CLANG_WARN_UNREACHABLE_CODE = YES;
				CLANG_WARN__DUPLICATE_METHOD_MATCH = YES;
				COPY_PHASE_STRIP = NO;
				DEBUG_INFORMATION_FORMAT = "dwarf-with-dsym";
				ENABLE_NS_ASSERTIONS = NO;
				ENABLE_STRICT_OBJC_MSGSEND = YES;
				GCC_C_LANGUAGE_STANDARD = gnu11;
				GCC_NO_COMMON_BLOCKS = YES;
				GCC_WARN_64_TO_32_BIT_CONVERSION = YES;
				GCC_WARN_ABOUT_RETURN_TYPE = YES_ERROR;
				GCC_WARN_UNDECLARED_SELECTOR = YES;
				GCC_WARN_UNINITIALIZED_AUTOS = YES_AGGRESSIVE;
				GCC_WARN_UNUSED_FUNCTION = YES;
				GCC_WARN_UNUSED_VARIABLE = YES;
				MTL_ENABLE_DEBUG_INFO = NO;
				MTL_FAST_MATH = YES;
				SWIFT_COMPILATION_MODE = wholemodule;
				SWIFT_OPTIMIZATION_LEVEL = "-O";
			};
			name = Release;
		};
		DB8141FA2A3CBC510076B724 /* Debug */ = {
			isa = XCBuildConfiguration;
			buildSettings = {
				ASSETCATALOG_COMPILER_APPICON_NAME = AppIcon;
				ASSETCATALOG_COMPILER_GLOBAL_ACCENT_COLOR_NAME = AccentColor;
				CODE_SIGN_ENTITLEMENTS = ConfettiSwiftUI/ConfettiSwiftUI.entitlements;
				CODE_SIGN_STYLE = Automatic;
				CURRENT_PROJECT_VERSION = 1;
				DEVELOPMENT_ASSET_PATHS = "\"ConfettiSwiftUI/Preview Content\"";
				DEVELOPMENT_TEAM = NT77748GS8;
				ENABLE_HARDENED_RUNTIME = YES;
				ENABLE_PREVIEWS = YES;
				GENERATE_INFOPLIST_FILE = YES;
				"INFOPLIST_KEY_UIApplicationSceneManifest_Generation[sdk=iphoneos*]" = YES;
				"INFOPLIST_KEY_UIApplicationSceneManifest_Generation[sdk=iphonesimulator*]" = YES;
				"INFOPLIST_KEY_UIApplicationSupportsIndirectInputEvents[sdk=iphoneos*]" = YES;
				"INFOPLIST_KEY_UIApplicationSupportsIndirectInputEvents[sdk=iphonesimulator*]" = YES;
				"INFOPLIST_KEY_UILaunchScreen_Generation[sdk=iphoneos*]" = YES;
				"INFOPLIST_KEY_UILaunchScreen_Generation[sdk=iphonesimulator*]" = YES;
				"INFOPLIST_KEY_UIStatusBarStyle[sdk=iphoneos*]" = UIStatusBarStyleDefault;
				"INFOPLIST_KEY_UIStatusBarStyle[sdk=iphonesimulator*]" = UIStatusBarStyleDefault;
				INFOPLIST_KEY_UISupportedInterfaceOrientations_iPad = "UIInterfaceOrientationPortrait UIInterfaceOrientationPortraitUpsideDown UIInterfaceOrientationLandscapeLeft UIInterfaceOrientationLandscapeRight";
				INFOPLIST_KEY_UISupportedInterfaceOrientations_iPhone = "UIInterfaceOrientationPortrait UIInterfaceOrientationLandscapeLeft UIInterfaceOrientationLandscapeRight";
				IPHONEOS_DEPLOYMENT_TARGET = 16.0;
				LD_RUNPATH_SEARCH_PATHS = "@executable_path/Frameworks";
				"LD_RUNPATH_SEARCH_PATHS[sdk=macosx*]" = "@executable_path/../Frameworks";
				MACOSX_DEPLOYMENT_TARGET = 12.5;
				MARKETING_VERSION = 1.0;
				PRODUCT_BUNDLE_IDENTIFIER = dev.johnoreilly.confettiswiftui.ConfettiSwiftUI;
				PRODUCT_NAME = "$(TARGET_NAME)";
				SDKROOT = auto;
				SUPPORTED_PLATFORMS = "iphoneos iphonesimulator";
				SUPPORTS_MACCATALYST = NO;
				SWIFT_EMIT_LOC_STRINGS = YES;
				SWIFT_VERSION = 5.0;
				TARGETED_DEVICE_FAMILY = "1,2";
			};
			name = Debug;
		};
		DB8141FB2A3CBC510076B724 /* Release */ = {
			isa = XCBuildConfiguration;
			buildSettings = {
				ASSETCATALOG_COMPILER_APPICON_NAME = AppIcon;
				ASSETCATALOG_COMPILER_GLOBAL_ACCENT_COLOR_NAME = AccentColor;
				CODE_SIGN_ENTITLEMENTS = ConfettiSwiftUI/ConfettiSwiftUI.entitlements;
				CODE_SIGN_STYLE = Automatic;
				CURRENT_PROJECT_VERSION = 1;
				DEVELOPMENT_ASSET_PATHS = "\"ConfettiSwiftUI/Preview Content\"";
				DEVELOPMENT_TEAM = NT77748GS8;
				ENABLE_HARDENED_RUNTIME = YES;
				ENABLE_PREVIEWS = YES;
				GENERATE_INFOPLIST_FILE = YES;
				"INFOPLIST_KEY_UIApplicationSceneManifest_Generation[sdk=iphoneos*]" = YES;
				"INFOPLIST_KEY_UIApplicationSceneManifest_Generation[sdk=iphonesimulator*]" = YES;
				"INFOPLIST_KEY_UIApplicationSupportsIndirectInputEvents[sdk=iphoneos*]" = YES;
				"INFOPLIST_KEY_UIApplicationSupportsIndirectInputEvents[sdk=iphonesimulator*]" = YES;
				"INFOPLIST_KEY_UILaunchScreen_Generation[sdk=iphoneos*]" = YES;
				"INFOPLIST_KEY_UILaunchScreen_Generation[sdk=iphonesimulator*]" = YES;
				"INFOPLIST_KEY_UIStatusBarStyle[sdk=iphoneos*]" = UIStatusBarStyleDefault;
				"INFOPLIST_KEY_UIStatusBarStyle[sdk=iphonesimulator*]" = UIStatusBarStyleDefault;
				INFOPLIST_KEY_UISupportedInterfaceOrientations_iPad = "UIInterfaceOrientationPortrait UIInterfaceOrientationPortraitUpsideDown UIInterfaceOrientationLandscapeLeft UIInterfaceOrientationLandscapeRight";
				INFOPLIST_KEY_UISupportedInterfaceOrientations_iPhone = "UIInterfaceOrientationPortrait UIInterfaceOrientationLandscapeLeft UIInterfaceOrientationLandscapeRight";
				IPHONEOS_DEPLOYMENT_TARGET = 16.0;
				LD_RUNPATH_SEARCH_PATHS = "@executable_path/Frameworks";
				"LD_RUNPATH_SEARCH_PATHS[sdk=macosx*]" = "@executable_path/../Frameworks";
				MACOSX_DEPLOYMENT_TARGET = 12.5;
				MARKETING_VERSION = 1.0;
				PRODUCT_BUNDLE_IDENTIFIER = dev.johnoreilly.confettiswiftui.ConfettiSwiftUI;
				PRODUCT_NAME = "$(TARGET_NAME)";
				SDKROOT = auto;
				SUPPORTED_PLATFORMS = "iphoneos iphonesimulator";
				SUPPORTS_MACCATALYST = NO;
				SWIFT_EMIT_LOC_STRINGS = YES;
				SWIFT_VERSION = 5.0;
				TARGETED_DEVICE_FAMILY = "1,2";
			};
			name = Release;
		};
/* End XCBuildConfiguration section */

/* Begin XCConfigurationList section */
		DB8141E52A3CBC500076B724 /* Build configuration list for PBXProject "ConfettiSwiftUI" */ = {
			isa = XCConfigurationList;
			buildConfigurations = (
				DB8141F72A3CBC510076B724 /* Debug */,
				DB8141F82A3CBC510076B724 /* Release */,
			);
			defaultConfigurationIsVisible = 0;
			defaultConfigurationName = Release;
		};
		DB8141F92A3CBC510076B724 /* Build configuration list for PBXNativeTarget "ConfettiSwiftUI" */ = {
			isa = XCConfigurationList;
			buildConfigurations = (
				DB8141FA2A3CBC510076B724 /* Debug */,
				DB8141FB2A3CBC510076B724 /* Release */,
			);
			defaultConfigurationIsVisible = 0;
			defaultConfigurationName = Release;
		};
/* End XCConfigurationList section */

/* Begin XCRemoteSwiftPackageReference section */
		DB1D79402A3CBD5400B81CB6 /* XCRemoteSwiftPackageReference "Confetti" */ = {
			isa = XCRemoteSwiftPackageReference;
			repositoryURL = "https://github.com/joreilly/Confetti";
			requirement = {
				kind = upToNextMajorVersion;
				minimumVersion = 0.8.11;
			};
		};
		DB1D79432A3CBE4500B81CB6 /* XCRemoteSwiftPackageReference "firebase-ios-sdk" */ = {
			isa = XCRemoteSwiftPackageReference;
			repositoryURL = "https://github.com/firebase/firebase-ios-sdk.git";
			requirement = {
				kind = upToNextMajorVersion;
				minimumVersion = 9.0.0;
			};
		};
/* End XCRemoteSwiftPackageReference section */

/* Begin XCSwiftPackageProductDependency section */
		DB1D79412A3CBD5400B81CB6 /* ConfettiKit */ = {
			isa = XCSwiftPackageProductDependency;
			package = DB1D79402A3CBD5400B81CB6 /* XCRemoteSwiftPackageReference "Confetti" */;
			productName = ConfettiKit;
		};
		DB1D79442A3CBE4500B81CB6 /* FirebaseAuth */ = {
			isa = XCSwiftPackageProductDependency;
			package = DB1D79432A3CBE4500B81CB6 /* XCRemoteSwiftPackageReference "firebase-ios-sdk" */;
			productName = FirebaseAuth;
		};
/* End XCSwiftPackageProductDependency section */
	};
	rootObject = DB8141E22A3CBC500076B724 /* Project object */;
}
